// !$*UTF8*$!
{
	archiveVersion = 1;
	classes = {
	};
	objectVersion = 46;
	objects = {

/* Begin PBXBuildFile section */
		2930E85C1B635CC1002D22D6 /* levelAlgorithm.m in Sources */ = {isa = PBXBuildFile; fileRef = 2930E85B1B635CC1002D22D6 /* levelAlgorithm.m */; };
		29E3F9BD1B66B8BB00AC15EE /* LogoView.m in Sources */ = {isa = PBXBuildFile; fileRef = 29E3F9BC1B66B8BB00AC15EE /* LogoView.m */; };
		29E3F9BF1B67F99E00AC15EE /* Launch Screen.xib in Resources */ = {isa = PBXBuildFile; fileRef = 29E3F9BE1B67F99E00AC15EE /* Launch Screen.xib */; };
		4D11F6261BAD9A35004AFDCD /* libsqlite3.dylib in Frameworks */ = {isa = PBXBuildFile; fileRef = 4D11F6251BAD9A35004AFDCD /* libsqlite3.dylib */; };
		4D11F6281BAD9A3C004AFDCD /* libz.dylib in Frameworks */ = {isa = PBXBuildFile; fileRef = 4D11F6271BAD9A3C004AFDCD /* libz.dylib */; };
		4D2E7CF41B2AE55C007A08F3 /* main.m in Sources */ = {isa = PBXBuildFile; fileRef = 4D2E7CF31B2AE55C007A08F3 /* main.m */; };
		4D2E7CF71B2AE55C007A08F3 /* AppDelegate.m in Sources */ = {isa = PBXBuildFile; fileRef = 4D2E7CF61B2AE55C007A08F3 /* AppDelegate.m */; };
		4D2E7CFA1B2AE55C007A08F3 /* GameViewController.m in Sources */ = {isa = PBXBuildFile; fileRef = 4D2E7CF91B2AE55C007A08F3 /* GameViewController.m */; };
		4D2E7CFD1B2AE55C007A08F3 /* Main.storyboard in Resources */ = {isa = PBXBuildFile; fileRef = 4D2E7CFB1B2AE55C007A08F3 /* Main.storyboard */; };
		4D2E7CFF1B2AE55C007A08F3 /* Images.xcassets in Resources */ = {isa = PBXBuildFile; fileRef = 4D2E7CFE1B2AE55C007A08F3 /* Images.xcassets */; };
		4D2E7D0E1B2AE55C007A08F3 /* Tic_Tac_Toe_AITests.m in Sources */ = {isa = PBXBuildFile; fileRef = 4D2E7D0D1B2AE55C007A08F3 /* Tic_Tac_Toe_AITests.m */; };
		4D2E7D191B2AF1FB007A08F3 /* GameCellUI.m in Sources */ = {isa = PBXBuildFile; fileRef = 4D2E7D181B2AF1FB007A08F3 /* GameCellUI.m */; };
		4D2E7D1F1B2AF888007A08F3 /* GameBoardUI.m in Sources */ = {isa = PBXBuildFile; fileRef = 4D2E7D1E1B2AF888007A08F3 /* GameBoardUI.m */; };
		4D2E7D241B2B1151007A08F3 /* Player.m in Sources */ = {isa = PBXBuildFile; fileRef = 4D2E7D231B2B1151007A08F3 /* Player.m */; };
		4D2E7D271B2C61FE007A08F3 /* Board.m in Sources */ = {isa = PBXBuildFile; fileRef = 4D2E7D261B2C61FE007A08F3 /* Board.m */; };
		4D2E7D2A1B2DDDDE007A08F3 /* AI.m in Sources */ = {isa = PBXBuildFile; fileRef = 4D2E7D291B2DDDDE007A08F3 /* AI.m */; };
		4D2E7D2D1B344EC2007A08F3 /* ButtomScoreBoard.m in Sources */ = {isa = PBXBuildFile; fileRef = 4D2E7D2C1B344EC2007A08F3 /* ButtomScoreBoard.m */; };
		4D2E7D301B35873F007A08F3 /* GridLines.m in Sources */ = {isa = PBXBuildFile; fileRef = 4D2E7D2F1B35873F007A08F3 /* GridLines.m */; };
		4D30A29C1B3EC741005AC530 /* Clock.m in Sources */ = {isa = PBXBuildFile; fileRef = 4D30A29B1B3EC741005AC530 /* Clock.m */; };
		4D30A2A41B42FFD7005AC530 /* back1.png in Resources */ = {isa = PBXBuildFile; fileRef = 4D30A2A31B42FFD7005AC530 /* back1.png */; };
		4D3D5D391B713CE5005AF774 /* gameScoreState.m in Sources */ = {isa = PBXBuildFile; fileRef = 4D3D5D381B713CE5005AF774 /* gameScoreState.m */; };
		4D5241261BAD86C4000CBDA8 /* Parse.framework in Frameworks */ = {isa = PBXBuildFile; fileRef = 4D5241251BAD86C4000CBDA8 /* Parse.framework */; };
		4D6E1D551B874DED00B9B263 /* Bolts.framework in Frameworks */ = {isa = PBXBuildFile; fileRef = 4D6E1D4E1B874DED00B9B263 /* Bolts.framework */; };
		4D6E1D571B874DED00B9B263 /* ParseCrashReporting.framework in Frameworks */ = {isa = PBXBuildFile; fileRef = 4D6E1D501B874DED00B9B263 /* ParseCrashReporting.framework */; };
		4D6E1D581B874DED00B9B263 /* ParseFacebookUtils.framework in Frameworks */ = {isa = PBXBuildFile; fileRef = 4D6E1D511B874DED00B9B263 /* ParseFacebookUtils.framework */; };
		4D6E1D591B874DED00B9B263 /* ParseFacebookUtilsV4.framework in Frameworks */ = {isa = PBXBuildFile; fileRef = 4D6E1D521B874DED00B9B263 /* ParseFacebookUtilsV4.framework */; };
		4D6E1D5A1B874DED00B9B263 /* ParseTwitterUtils.framework in Frameworks */ = {isa = PBXBuildFile; fileRef = 4D6E1D531B874DED00B9B263 /* ParseTwitterUtils.framework */; };
		4D6E1D5B1B874DED00B9B263 /* ParseUI.framework in Frameworks */ = {isa = PBXBuildFile; fileRef = 4D6E1D541B874DED00B9B263 /* ParseUI.framework */; };
		4D7691F91B767922009922F3 /* SMPageControl.m in Sources */ = {isa = PBXBuildFile; fileRef = 4D7691F81B767922009922F3 /* SMPageControl.m */; };
		4DBB1BAA1B7294E20087BE8C /* OnboardViewController.m in Sources */ = {isa = PBXBuildFile; fileRef = 4DBB1BA91B7294E20087BE8C /* OnboardViewController.m */; };
		4DBB1BAC1B74B0950087BE8C /* arrowLeft-1.png in Resources */ = {isa = PBXBuildFile; fileRef = 4DBB1BAB1B74B0950087BE8C /* arrowLeft-1.png */; };
		4DBB1BAE1B74B15C0087BE8C /* Back-100.png in Resources */ = {isa = PBXBuildFile; fileRef = 4DBB1BAD1B74B15C0087BE8C /* Back-100.png */; };
		4DBB1BB01B74B1C20087BE8C /* ic_arrow_back_white_24dp.png in Resources */ = {isa = PBXBuildFile; fileRef = 4DBB1BAF1B74B1C20087BE8C /* ic_arrow_back_white_24dp.png */; };
		4DBB1BB21B74B2A90087BE8C /* Back-100 (1).png in Resources */ = {isa = PBXBuildFile; fileRef = 4DBB1BB11B74B2A90087BE8C /* Back-100 (1).png */; };
		4DBB1BB41B74B3280087BE8C /* Previous.png in Resources */ = {isa = PBXBuildFile; fileRef = 4DBB1BB31B74B3280087BE8C /* Previous.png */; };
		4DBC34571B84D35200AEF32E /* SystemConfiguration.framework in Frameworks */ = {isa = PBXBuildFile; fileRef = 4DD816981B7F353300620CF7 /* SystemConfiguration.framework */; };
		4DBC345B1B84D3A800AEF32E /* Security.framework in Frameworks */ = {isa = PBXBuildFile; fileRef = 4DD816941B7F352200620CF7 /* Security.framework */; };
		4DBC345C1B84D3B300AEF32E /* QuartzCore.framework in Frameworks */ = {isa = PBXBuildFile; fileRef = 4DD816921B7F351600620CF7 /* QuartzCore.framework */; };
		4DBC345D1B84D3BB00AEF32E /* CoreLocation.framework in Frameworks */ = {isa = PBXBuildFile; fileRef = 4DD816901B7F350F00620CF7 /* CoreLocation.framework */; };
		4DBC345E1B84D3C500AEF32E /* CoreGraphics.framework in Frameworks */ = {isa = PBXBuildFile; fileRef = 4DD8168E1B7F350600620CF7 /* CoreGraphics.framework */; };
		4DBC345F1B84D3CD00AEF32E /* CFNetwork.framework in Frameworks */ = {isa = PBXBuildFile; fileRef = 4DD8168C1B7F34FF00620CF7 /* CFNetwork.framework */; };
		4DBC34601B84D3D700AEF32E /* AudioToolbox.framework in Frameworks */ = {isa = PBXBuildFile; fileRef = 4DD8168A1B7F34F700620CF7 /* AudioToolbox.framework */; };
		4DD649691B3DA5A8006DF972 /* ButtomButton.m in Sources */ = {isa = PBXBuildFile; fileRef = 4DD649681B3DA5A8006DF972 /* ButtomButton.m */; };
		4DD6496D1B3DC68D006DF972 /* NavigationBar.m in Sources */ = {isa = PBXBuildFile; fileRef = 4DD6496C1B3DC68D006DF972 /* NavigationBar.m */; };
		4DD816A01B7F517E00620CF7 /* GameMode.m in Sources */ = {isa = PBXBuildFile; fileRef = 4DD8169F1B7F517E00620CF7 /* GameMode.m */; };
		4DD816A31B8395B100620CF7 /* UIColor+ExtendedColorScheme.m in Sources */ = {isa = PBXBuildFile; fileRef = 4DD816A21B8395B100620CF7 /* UIColor+ExtendedColorScheme.m */; };
		4DE8861E1B3B3ECF00D8D80D /* PlayerType.m in Sources */ = {isa = PBXBuildFile; fileRef = 4DE8861D1B3B3ECF00D8D80D /* PlayerType.m */; };
		4DE886221B3D64D400D8D80D /* StartViewController.m in Sources */ = {isa = PBXBuildFile; fileRef = 4DE886211B3D64D400D8D80D /* StartViewController.m */; };
/* End PBXBuildFile section */

/* Begin PBXContainerItemProxy section */
		4D2E7D081B2AE55C007A08F3 /* PBXContainerItemProxy */ = {
			isa = PBXContainerItemProxy;
			containerPortal = 4D2E7CE61B2AE55C007A08F3 /* Project object */;
			proxyType = 1;
			remoteGlobalIDString = 4D2E7CED1B2AE55C007A08F3;
			remoteInfo = "Tic-Tac-Toe AI";
		};
/* End PBXContainerItemProxy section */

/* Begin PBXFileReference section */
		2930E85A1B635CC1002D22D6 /* levelAlgorithm.h */ = {isa = PBXFileReference; fileEncoding = 4; lastKnownFileType = sourcecode.c.h; path = levelAlgorithm.h; sourceTree = "<group>"; };
		2930E85B1B635CC1002D22D6 /* levelAlgorithm.m */ = {isa = PBXFileReference; fileEncoding = 4; lastKnownFileType = sourcecode.c.objc; path = levelAlgorithm.m; sourceTree = "<group>"; };
		29E3F9BB1B66B8BB00AC15EE /* LogoView.h */ = {isa = PBXFileReference; fileEncoding = 4; lastKnownFileType = sourcecode.c.h; path = LogoView.h; sourceTree = "<group>"; };
		29E3F9BC1B66B8BB00AC15EE /* LogoView.m */ = {isa = PBXFileReference; fileEncoding = 4; lastKnownFileType = sourcecode.c.objc; path = LogoView.m; sourceTree = "<group>"; };
		29E3F9BE1B67F99E00AC15EE /* Launch Screen.xib */ = {isa = PBXFileReference; fileEncoding = 4; lastKnownFileType = file.xib; path = "Launch Screen.xib"; sourceTree = "<group>"; };
		4D11F6251BAD9A35004AFDCD /* libsqlite3.dylib */ = {isa = PBXFileReference; lastKnownFileType = "compiled.mach-o.dylib"; name = libsqlite3.dylib; path = usr/lib/libsqlite3.dylib; sourceTree = SDKROOT; };
		4D11F6271BAD9A3C004AFDCD /* libz.dylib */ = {isa = PBXFileReference; lastKnownFileType = "compiled.mach-o.dylib"; name = libz.dylib; path = usr/lib/libz.dylib; sourceTree = SDKROOT; };
		4D2E7CEE1B2AE55C007A08F3 /* Tic-Tac-Toe AI.app */ = {isa = PBXFileReference; explicitFileType = wrapper.application; includeInIndex = 0; path = "Tic-Tac-Toe AI.app"; sourceTree = BUILT_PRODUCTS_DIR; };
		4D2E7CF21B2AE55C007A08F3 /* Info.plist */ = {isa = PBXFileReference; lastKnownFileType = text.plist.xml; path = Info.plist; sourceTree = "<group>"; };
		4D2E7CF31B2AE55C007A08F3 /* main.m */ = {isa = PBXFileReference; lastKnownFileType = sourcecode.c.objc; path = main.m; sourceTree = "<group>"; };
		4D2E7CF51B2AE55C007A08F3 /* AppDelegate.h */ = {isa = PBXFileReference; lastKnownFileType = sourcecode.c.h; path = AppDelegate.h; sourceTree = "<group>"; };
		4D2E7CF61B2AE55C007A08F3 /* AppDelegate.m */ = {isa = PBXFileReference; lastKnownFileType = sourcecode.c.objc; path = AppDelegate.m; sourceTree = "<group>"; };
		4D2E7CF81B2AE55C007A08F3 /* GameViewController.h */ = {isa = PBXFileReference; lastKnownFileType = sourcecode.c.h; path = GameViewController.h; sourceTree = "<group>"; };
		4D2E7CF91B2AE55C007A08F3 /* GameViewController.m */ = {isa = PBXFileReference; lastKnownFileType = sourcecode.c.objc; path = GameViewController.m; sourceTree = "<group>"; };
		4D2E7CFC1B2AE55C007A08F3 /* Base */ = {isa = PBXFileReference; lastKnownFileType = file.storyboard; name = Base; path = Base.lproj/Main.storyboard; sourceTree = "<group>"; };
		4D2E7CFE1B2AE55C007A08F3 /* Images.xcassets */ = {isa = PBXFileReference; lastKnownFileType = folder.assetcatalog; path = Images.xcassets; sourceTree = "<group>"; };
		4D2E7D071B2AE55C007A08F3 /* Tic-Tac-Toe AITests.xctest */ = {isa = PBXFileReference; explicitFileType = wrapper.cfbundle; includeInIndex = 0; path = "Tic-Tac-Toe AITests.xctest"; sourceTree = BUILT_PRODUCTS_DIR; };
		4D2E7D0C1B2AE55C007A08F3 /* Info.plist */ = {isa = PBXFileReference; lastKnownFileType = text.plist.xml; path = Info.plist; sourceTree = "<group>"; };
		4D2E7D0D1B2AE55C007A08F3 /* Tic_Tac_Toe_AITests.m */ = {isa = PBXFileReference; lastKnownFileType = sourcecode.c.objc; path = Tic_Tac_Toe_AITests.m; sourceTree = "<group>"; };
		4D2E7D171B2AF1FB007A08F3 /* GameCellUI.h */ = {isa = PBXFileReference; fileEncoding = 4; lastKnownFileType = sourcecode.c.h; path = GameCellUI.h; sourceTree = "<group>"; };
		4D2E7D181B2AF1FB007A08F3 /* GameCellUI.m */ = {isa = PBXFileReference; fileEncoding = 4; lastKnownFileType = sourcecode.c.objc; path = GameCellUI.m; sourceTree = "<group>"; };
		4D2E7D1D1B2AF888007A08F3 /* GameBoardUI.h */ = {isa = PBXFileReference; fileEncoding = 4; lastKnownFileType = sourcecode.c.h; path = GameBoardUI.h; sourceTree = "<group>"; };
		4D2E7D1E1B2AF888007A08F3 /* GameBoardUI.m */ = {isa = PBXFileReference; fileEncoding = 4; lastKnownFileType = sourcecode.c.objc; path = GameBoardUI.m; sourceTree = "<group>"; };
		4D2E7D221B2B1151007A08F3 /* Player.h */ = {isa = PBXFileReference; fileEncoding = 4; lastKnownFileType = sourcecode.c.h; path = Player.h; sourceTree = "<group>"; };
		4D2E7D231B2B1151007A08F3 /* Player.m */ = {isa = PBXFileReference; fileEncoding = 4; lastKnownFileType = sourcecode.c.objc; path = Player.m; sourceTree = "<group>"; };
		4D2E7D251B2C61FE007A08F3 /* Board.h */ = {isa = PBXFileReference; fileEncoding = 4; lastKnownFileType = sourcecode.c.h; path = Board.h; sourceTree = "<group>"; };
		4D2E7D261B2C61FE007A08F3 /* Board.m */ = {isa = PBXFileReference; fileEncoding = 4; lastKnownFileType = sourcecode.c.objc; path = Board.m; sourceTree = "<group>"; };
		4D2E7D281B2DDDDE007A08F3 /* AI.h */ = {isa = PBXFileReference; fileEncoding = 4; lastKnownFileType = sourcecode.c.h; path = AI.h; sourceTree = "<group>"; };
		4D2E7D291B2DDDDE007A08F3 /* AI.m */ = {isa = PBXFileReference; fileEncoding = 4; lastKnownFileType = sourcecode.c.objc; path = AI.m; sourceTree = "<group>"; };
		4D2E7D2B1B344EC2007A08F3 /* ButtomScoreBoard.h */ = {isa = PBXFileReference; fileEncoding = 4; lastKnownFileType = sourcecode.c.h; path = ButtomScoreBoard.h; sourceTree = "<group>"; };
		4D2E7D2C1B344EC2007A08F3 /* ButtomScoreBoard.m */ = {isa = PBXFileReference; fileEncoding = 4; lastKnownFileType = sourcecode.c.objc; path = ButtomScoreBoard.m; sourceTree = "<group>"; };
		4D2E7D2E1B35873F007A08F3 /* GridLines.h */ = {isa = PBXFileReference; fileEncoding = 4; lastKnownFileType = sourcecode.c.h; path = GridLines.h; sourceTree = "<group>"; };
		4D2E7D2F1B35873F007A08F3 /* GridLines.m */ = {isa = PBXFileReference; fileEncoding = 4; lastKnownFileType = sourcecode.c.objc; path = GridLines.m; sourceTree = "<group>"; };
		4D30A29A1B3EC741005AC530 /* Clock.h */ = {isa = PBXFileReference; fileEncoding = 4; lastKnownFileType = sourcecode.c.h; path = Clock.h; sourceTree = "<group>"; };
		4D30A29B1B3EC741005AC530 /* Clock.m */ = {isa = PBXFileReference; fileEncoding = 4; lastKnownFileType = sourcecode.c.objc; path = Clock.m; sourceTree = "<group>"; };
		4D30A2A31B42FFD7005AC530 /* back1.png */ = {isa = PBXFileReference; lastKnownFileType = image.png; path = back1.png; sourceTree = "<group>"; };
		4D3D5D371B713CE4005AF774 /* gameScoreState.h */ = {isa = PBXFileReference; fileEncoding = 4; lastKnownFileType = sourcecode.c.h; path = gameScoreState.h; sourceTree = "<group>"; };
		4D3D5D381B713CE5005AF774 /* gameScoreState.m */ = {isa = PBXFileReference; fileEncoding = 4; lastKnownFileType = sourcecode.c.objc; path = gameScoreState.m; sourceTree = "<group>"; };
		4D5241251BAD86C4000CBDA8 /* Parse.framework */ = {isa = PBXFileReference; lastKnownFileType = wrapper.framework; path = Parse.framework; sourceTree = "<group>"; };
		4D6E1D4E1B874DED00B9B263 /* Bolts.framework */ = {isa = PBXFileReference; lastKnownFileType = wrapper.framework; path = Bolts.framework; sourceTree = "<group>"; };
		4D6E1D501B874DED00B9B263 /* ParseCrashReporting.framework */ = {isa = PBXFileReference; lastKnownFileType = wrapper.framework; path = ParseCrashReporting.framework; sourceTree = "<group>"; };
		4D6E1D511B874DED00B9B263 /* ParseFacebookUtils.framework */ = {isa = PBXFileReference; lastKnownFileType = wrapper.framework; path = ParseFacebookUtils.framework; sourceTree = "<group>"; };
		4D6E1D521B874DED00B9B263 /* ParseFacebookUtilsV4.framework */ = {isa = PBXFileReference; lastKnownFileType = wrapper.framework; path = ParseFacebookUtilsV4.framework; sourceTree = "<group>"; };
		4D6E1D531B874DED00B9B263 /* ParseTwitterUtils.framework */ = {isa = PBXFileReference; lastKnownFileType = wrapper.framework; path = ParseTwitterUtils.framework; sourceTree = "<group>"; };
		4D6E1D541B874DED00B9B263 /* ParseUI.framework */ = {isa = PBXFileReference; lastKnownFileType = wrapper.framework; path = ParseUI.framework; sourceTree = "<group>"; };
		4D7691F71B767922009922F3 /* SMPageControl.h */ = {isa = PBXFileReference; fileEncoding = 4; lastKnownFileType = sourcecode.c.h; path = SMPageControl.h; sourceTree = "<group>"; };
		4D7691F81B767922009922F3 /* SMPageControl.m */ = {isa = PBXFileReference; fileEncoding = 4; lastKnownFileType = sourcecode.c.objc; path = SMPageControl.m; sourceTree = "<group>"; };
		4DBB1BA81B7294E20087BE8C /* OnboardViewController.h */ = {isa = PBXFileReference; fileEncoding = 4; lastKnownFileType = sourcecode.c.h; path = OnboardViewController.h; sourceTree = "<group>"; };
		4DBB1BA91B7294E20087BE8C /* OnboardViewController.m */ = {isa = PBXFileReference; fileEncoding = 4; lastKnownFileType = sourcecode.c.objc; path = OnboardViewController.m; sourceTree = "<group>"; };
		4DBB1BAB1B74B0950087BE8C /* arrowLeft-1.png */ = {isa = PBXFileReference; lastKnownFileType = image.png; path = "arrowLeft-1.png"; sourceTree = "<group>"; };
		4DBB1BAD1B74B15C0087BE8C /* Back-100.png */ = {isa = PBXFileReference; lastKnownFileType = image.png; path = "Back-100.png"; sourceTree = "<group>"; };
		4DBB1BAF1B74B1C20087BE8C /* ic_arrow_back_white_24dp.png */ = {isa = PBXFileReference; lastKnownFileType = image.png; path = ic_arrow_back_white_24dp.png; sourceTree = "<group>"; };
		4DBB1BB11B74B2A90087BE8C /* Back-100 (1).png */ = {isa = PBXFileReference; lastKnownFileType = image.png; path = "Back-100 (1).png"; sourceTree = "<group>"; };
		4DBB1BB31B74B3280087BE8C /* Previous.png */ = {isa = PBXFileReference; lastKnownFileType = image.png; path = Previous.png; sourceTree = "<group>"; };
		4DD649671B3DA5A8006DF972 /* ButtomButton.h */ = {isa = PBXFileReference; fileEncoding = 4; lastKnownFileType = sourcecode.c.h; path = ButtomButton.h; sourceTree = "<group>"; };
		4DD649681B3DA5A8006DF972 /* ButtomButton.m */ = {isa = PBXFileReference; fileEncoding = 4; lastKnownFileType = sourcecode.c.objc; path = ButtomButton.m; sourceTree = "<group>"; };
		4DD6496B1B3DC68D006DF972 /* NavigationBar.h */ = {isa = PBXFileReference; fileEncoding = 4; lastKnownFileType = sourcecode.c.h; path = NavigationBar.h; sourceTree = "<group>"; };
		4DD6496C1B3DC68D006DF972 /* NavigationBar.m */ = {isa = PBXFileReference; fileEncoding = 4; lastKnownFileType = sourcecode.c.objc; path = NavigationBar.m; sourceTree = "<group>"; };
		4DD8168A1B7F34F700620CF7 /* AudioToolbox.framework */ = {isa = PBXFileReference; lastKnownFileType = wrapper.framework; name = AudioToolbox.framework; path = System/Library/Frameworks/AudioToolbox.framework; sourceTree = SDKROOT; };
		4DD8168C1B7F34FF00620CF7 /* CFNetwork.framework */ = {isa = PBXFileReference; lastKnownFileType = wrapper.framework; name = CFNetwork.framework; path = System/Library/Frameworks/CFNetwork.framework; sourceTree = SDKROOT; };
		4DD8168E1B7F350600620CF7 /* CoreGraphics.framework */ = {isa = PBXFileReference; lastKnownFileType = wrapper.framework; name = CoreGraphics.framework; path = System/Library/Frameworks/CoreGraphics.framework; sourceTree = SDKROOT; };
		4DD816901B7F350F00620CF7 /* CoreLocation.framework */ = {isa = PBXFileReference; lastKnownFileType = wrapper.framework; name = CoreLocation.framework; path = System/Library/Frameworks/CoreLocation.framework; sourceTree = SDKROOT; };
		4DD816921B7F351600620CF7 /* QuartzCore.framework */ = {isa = PBXFileReference; lastKnownFileType = wrapper.framework; name = QuartzCore.framework; path = System/Library/Frameworks/QuartzCore.framework; sourceTree = SDKROOT; };
		4DD816941B7F352200620CF7 /* Security.framework */ = {isa = PBXFileReference; lastKnownFileType = wrapper.framework; name = Security.framework; path = System/Library/Frameworks/Security.framework; sourceTree = SDKROOT; };
		4DD816981B7F353300620CF7 /* SystemConfiguration.framework */ = {isa = PBXFileReference; lastKnownFileType = wrapper.framework; name = SystemConfiguration.framework; path = System/Library/Frameworks/SystemConfiguration.framework; sourceTree = SDKROOT; };
		4DD8169E1B7F517E00620CF7 /* GameMode.h */ = {isa = PBXFileReference; fileEncoding = 4; lastKnownFileType = sourcecode.c.h; path = GameMode.h; sourceTree = "<group>"; };
		4DD8169F1B7F517E00620CF7 /* GameMode.m */ = {isa = PBXFileReference; fileEncoding = 4; lastKnownFileType = sourcecode.c.objc; path = GameMode.m; sourceTree = "<group>"; };
		4DD816A11B8395B100620CF7 /* UIColor+ExtendedColorScheme.h */ = {isa = PBXFileReference; fileEncoding = 4; lastKnownFileType = sourcecode.c.h; path = "UIColor+ExtendedColorScheme.h"; sourceTree = "<group>"; };
		4DD816A21B8395B100620CF7 /* UIColor+ExtendedColorScheme.m */ = {isa = PBXFileReference; fileEncoding = 4; lastKnownFileType = sourcecode.c.objc; path = "UIColor+ExtendedColorScheme.m"; sourceTree = "<group>"; };
		4DE8861C1B3B3ECF00D8D80D /* PlayerType.h */ = {isa = PBXFileReference; fileEncoding = 4; lastKnownFileType = sourcecode.c.h; path = PlayerType.h; sourceTree = "<group>"; };
		4DE8861D1B3B3ECF00D8D80D /* PlayerType.m */ = {isa = PBXFileReference; fileEncoding = 4; lastKnownFileType = sourcecode.c.objc; path = PlayerType.m; sourceTree = "<group>"; };
		4DE886201B3D64D400D8D80D /* StartViewController.h */ = {isa = PBXFileReference; fileEncoding = 4; lastKnownFileType = sourcecode.c.h; path = StartViewController.h; sourceTree = "<group>"; };
		4DE886211B3D64D400D8D80D /* StartViewController.m */ = {isa = PBXFileReference; fileEncoding = 4; lastKnownFileType = sourcecode.c.objc; path = StartViewController.m; sourceTree = "<group>"; };
/* End PBXFileReference section */

/* Begin PBXFrameworksBuildPhase section */
		4D2E7CEB1B2AE55C007A08F3 /* Frameworks */ = {
			isa = PBXFrameworksBuildPhase;
			buildActionMask = 2147483647;
			files = (
				4D11F6281BAD9A3C004AFDCD /* libz.dylib in Frameworks */,
				4D11F6261BAD9A35004AFDCD /* libsqlite3.dylib in Frameworks */,
				4D6E1D581B874DED00B9B263 /* ParseFacebookUtils.framework in Frameworks */,
				4DBC34601B84D3D700AEF32E /* AudioToolbox.framework in Frameworks */,
				4DBC345F1B84D3CD00AEF32E /* CFNetwork.framework in Frameworks */,
				4DBC345E1B84D3C500AEF32E /* CoreGraphics.framework in Frameworks */,
				4D5241261BAD86C4000CBDA8 /* Parse.framework in Frameworks */,
				4DBC345D1B84D3BB00AEF32E /* CoreLocation.framework in Frameworks */,
				4DBC345C1B84D3B300AEF32E /* QuartzCore.framework in Frameworks */,
				4D6E1D5A1B874DED00B9B263 /* ParseTwitterUtils.framework in Frameworks */,
				4DBC345B1B84D3A800AEF32E /* Security.framework in Frameworks */,
				4D6E1D5B1B874DED00B9B263 /* ParseUI.framework in Frameworks */,
				4D6E1D551B874DED00B9B263 /* Bolts.framework in Frameworks */,
				4DBC34571B84D35200AEF32E /* SystemConfiguration.framework in Frameworks */,
				4D6E1D571B874DED00B9B263 /* ParseCrashReporting.framework in Frameworks */,
				4D6E1D591B874DED00B9B263 /* ParseFacebookUtilsV4.framework in Frameworks */,
			);
			runOnlyForDeploymentPostprocessing = 0;
		};
		4D2E7D041B2AE55C007A08F3 /* Frameworks */ = {
			isa = PBXFrameworksBuildPhase;
			buildActionMask = 2147483647;
			files = (
			);
			runOnlyForDeploymentPostprocessing = 0;
		};
/* End PBXFrameworksBuildPhase section */

/* Begin PBXGroup section */
		4D2E7CE51B2AE55C007A08F3 = {
			isa = PBXGroup;
			children = (
				4D2E7CF01B2AE55C007A08F3 /* Tic-Tac-Toe AI */,
				4D2E7D0A1B2AE55C007A08F3 /* Tic-Tac-Toe AITests */,
				4D2E7CEF1B2AE55C007A08F3 /* Products */,
			);
			sourceTree = "<group>";
		};
		4D2E7CEF1B2AE55C007A08F3 /* Products */ = {
			isa = PBXGroup;
			children = (
				4D2E7CEE1B2AE55C007A08F3 /* Tic-Tac-Toe AI.app */,
				4D2E7D071B2AE55C007A08F3 /* Tic-Tac-Toe AITests.xctest */,
			);
			name = Products;
			sourceTree = "<group>";
		};
		4D2E7CF01B2AE55C007A08F3 /* Tic-Tac-Toe AI */ = {
			isa = PBXGroup;
			children = (
				4DD8167B1B7F34B700620CF7 /* Frameworks */,
				4DD6496A1B3DAEC0006DF972 /* VIEWCONTROLLER */,
				4D2E7D211B2B1130007A08F3 /* MODEL */,
				4D2E7D201B2B1114007A08F3 /* UI */,
				4D2E7CF11B2AE55C007A08F3 /* Supporting Files */,
			);
			path = "Tic-Tac-Toe AI";
			sourceTree = "<group>";
		};
		4D2E7CF11B2AE55C007A08F3 /* Supporting Files */ = {
			isa = PBXGroup;
			children = (
				4DE8861F1B3D5E9700D8D80D /* font */,
				4D2E7CF21B2AE55C007A08F3 /* Info.plist */,
				4D2E7CF31B2AE55C007A08F3 /* main.m */,
			);
			name = "Supporting Files";
			sourceTree = "<group>";
		};
		4D2E7D0A1B2AE55C007A08F3 /* Tic-Tac-Toe AITests */ = {
			isa = PBXGroup;
			children = (
				4D2E7D0D1B2AE55C007A08F3 /* Tic_Tac_Toe_AITests.m */,
				4D2E7D0B1B2AE55C007A08F3 /* Supporting Files */,
			);
			path = "Tic-Tac-Toe AITests";
			sourceTree = "<group>";
		};
		4D2E7D0B1B2AE55C007A08F3 /* Supporting Files */ = {
			isa = PBXGroup;
			children = (
				4D2E7D0C1B2AE55C007A08F3 /* Info.plist */,
			);
			name = "Supporting Files";
			sourceTree = "<group>";
		};
		4D2E7D201B2B1114007A08F3 /* UI */ = {
			isa = PBXGroup;
			children = (
				4D7691F71B767922009922F3 /* SMPageControl.h */,
				4D7691F81B767922009922F3 /* SMPageControl.m */,
				29E3F9BB1B66B8BB00AC15EE /* LogoView.h */,
				29E3F9BC1B66B8BB00AC15EE /* LogoView.m */,
				4D2E7D2E1B35873F007A08F3 /* GridLines.h */,
				4D2E7D2F1B35873F007A08F3 /* GridLines.m */,
				4D30A29A1B3EC741005AC530 /* Clock.h */,
				4D30A29B1B3EC741005AC530 /* Clock.m */,
				4D2E7D1D1B2AF888007A08F3 /* GameBoardUI.h */,
				4D2E7D1E1B2AF888007A08F3 /* GameBoardUI.m */,
				4D2E7D171B2AF1FB007A08F3 /* GameCellUI.h */,
				4D2E7D181B2AF1FB007A08F3 /* GameCellUI.m */,
				4D2E7D2B1B344EC2007A08F3 /* ButtomScoreBoard.h */,
				4D2E7D2C1B344EC2007A08F3 /* ButtomScoreBoard.m */,
				4DD649671B3DA5A8006DF972 /* ButtomButton.h */,
				4DD649681B3DA5A8006DF972 /* ButtomButton.m */,
				4DD6496B1B3DC68D006DF972 /* NavigationBar.h */,
				4DD6496C1B3DC68D006DF972 /* NavigationBar.m */,
				4DBB1BAB1B74B0950087BE8C /* arrowLeft-1.png */,
				4DBB1BB31B74B3280087BE8C /* Previous.png */,
				4D30A2A31B42FFD7005AC530 /* back1.png */,
				4DBB1BAD1B74B15C0087BE8C /* Back-100.png */,
				4DBB1BB11B74B2A90087BE8C /* Back-100 (1).png */,
				4DBB1BAF1B74B1C20087BE8C /* ic_arrow_back_white_24dp.png */,
			);
			name = UI;
			sourceTree = "<group>";
		};
		4D2E7D211B2B1130007A08F3 /* MODEL */ = {
			isa = PBXGroup;
			children = (
				4DD816A11B8395B100620CF7 /* UIColor+ExtendedColorScheme.h */,
				4DD816A21B8395B100620CF7 /* UIColor+ExtendedColorScheme.m */,
				4DD8169E1B7F517E00620CF7 /* GameMode.h */,
				4DD8169F1B7F517E00620CF7 /* GameMode.m */,
				4DE8861C1B3B3ECF00D8D80D /* PlayerType.h */,
				4DE8861D1B3B3ECF00D8D80D /* PlayerType.m */,
				4D2E7D221B2B1151007A08F3 /* Player.h */,
				4D2E7D231B2B1151007A08F3 /* Player.m */,
				4D2E7D251B2C61FE007A08F3 /* Board.h */,
				4D2E7D261B2C61FE007A08F3 /* Board.m */,
				4D2E7D281B2DDDDE007A08F3 /* AI.h */,
				4D2E7D291B2DDDDE007A08F3 /* AI.m */,
				2930E85A1B635CC1002D22D6 /* levelAlgorithm.h */,
				2930E85B1B635CC1002D22D6 /* levelAlgorithm.m */,
				4D3D5D371B713CE4005AF774 /* gameScoreState.h */,
				4D3D5D381B713CE5005AF774 /* gameScoreState.m */,
			);
			name = MODEL;
			sourceTree = "<group>";
		};
		4DD6496A1B3DAEC0006DF972 /* VIEWCONTROLLER */ = {
			isa = PBXGroup;
			children = (
				4D2E7CF51B2AE55C007A08F3 /* AppDelegate.h */,
				4D2E7CF61B2AE55C007A08F3 /* AppDelegate.m */,
				4D2E7CF81B2AE55C007A08F3 /* GameViewController.h */,
				4D2E7CF91B2AE55C007A08F3 /* GameViewController.m */,
				4DE886201B3D64D400D8D80D /* StartViewController.h */,
				4DE886211B3D64D400D8D80D /* StartViewController.m */,
				4DBB1BA81B7294E20087BE8C /* OnboardViewController.h */,
				4DBB1BA91B7294E20087BE8C /* OnboardViewController.m */,
				4D2E7CFB1B2AE55C007A08F3 /* Main.storyboard */,
				29E3F9BE1B67F99E00AC15EE /* Launch Screen.xib */,
				4D2E7CFE1B2AE55C007A08F3 /* Images.xcassets */,
			);
			name = VIEWCONTROLLER;
			sourceTree = "<group>";
		};
		4DD8167B1B7F34B700620CF7 /* Frameworks */ = {
			isa = PBXGroup;
			children = (
				4D11F6271BAD9A3C004AFDCD /* libz.dylib */,
				4D11F6251BAD9A35004AFDCD /* libsqlite3.dylib */,
				4D5241251BAD86C4000CBDA8 /* Parse.framework */,
				4D6E1D4E1B874DED00B9B263 /* Bolts.framework */,
				4D6E1D501B874DED00B9B263 /* ParseCrashReporting.framework */,
				4D6E1D511B874DED00B9B263 /* ParseFacebookUtils.framework */,
				4D6E1D521B874DED00B9B263 /* ParseFacebookUtilsV4.framework */,
				4D6E1D531B874DED00B9B263 /* ParseTwitterUtils.framework */,
				4D6E1D541B874DED00B9B263 /* ParseUI.framework */,
				4DD816981B7F353300620CF7 /* SystemConfiguration.framework */,
				4DD816941B7F352200620CF7 /* Security.framework */,
				4DD816921B7F351600620CF7 /* QuartzCore.framework */,
				4DD816901B7F350F00620CF7 /* CoreLocation.framework */,
				4DD8168E1B7F350600620CF7 /* CoreGraphics.framework */,
				4DD8168C1B7F34FF00620CF7 /* CFNetwork.framework */,
				4DD8168A1B7F34F700620CF7 /* AudioToolbox.framework */,
			);
			name = Frameworks;
			sourceTree = "<group>";
		};
		4DE8861F1B3D5E9700D8D80D /* font */ = {
			isa = PBXGroup;
			children = (
			);
			name = font;
			sourceTree = "<group>";
		};
/* End PBXGroup section */

/* Begin PBXNativeTarget section */
		4D2E7CED1B2AE55C007A08F3 /* Tic-Tac-Toe AI */ = {
			isa = PBXNativeTarget;
			buildConfigurationList = 4D2E7D111B2AE55C007A08F3 /* Build configuration list for PBXNativeTarget "Tic-Tac-Toe AI" */;
			buildPhases = (
				4D2E7CEA1B2AE55C007A08F3 /* Sources */,
				4D2E7CEB1B2AE55C007A08F3 /* Frameworks */,
				4D2E7CEC1B2AE55C007A08F3 /* Resources */,
			);
			buildRules = (
			);
			dependencies = (
			);
			name = "Tic-Tac-Toe AI";
			productName = "Tic-Tac-Toe AI";
			productReference = 4D2E7CEE1B2AE55C007A08F3 /* Tic-Tac-Toe AI.app */;
			productType = "com.apple.product-type.application";
		};
		4D2E7D061B2AE55C007A08F3 /* Tic-Tac-Toe AITests */ = {
			isa = PBXNativeTarget;
			buildConfigurationList = 4D2E7D141B2AE55C007A08F3 /* Build configuration list for PBXNativeTarget "Tic-Tac-Toe AITests" */;
			buildPhases = (
				4D2E7D031B2AE55C007A08F3 /* Sources */,
				4D2E7D041B2AE55C007A08F3 /* Frameworks */,
				4D2E7D051B2AE55C007A08F3 /* Resources */,
			);
			buildRules = (
			);
			dependencies = (
				4D2E7D091B2AE55C007A08F3 /* PBXTargetDependency */,
			);
			name = "Tic-Tac-Toe AITests";
			productName = "Tic-Tac-Toe AITests";
			productReference = 4D2E7D071B2AE55C007A08F3 /* Tic-Tac-Toe AITests.xctest */;
			productType = "com.apple.product-type.bundle.unit-test";
		};
/* End PBXNativeTarget section */

/* Begin PBXProject section */
		4D2E7CE61B2AE55C007A08F3 /* Project object */ = {
			isa = PBXProject;
			attributes = {
				LastUpgradeCheck = 0700;
				ORGANIZATIONNAME = "amir lahav";
				TargetAttributes = {
					4D2E7CED1B2AE55C007A08F3 = {
						CreatedOnToolsVersion = 6.3.2;
						DevelopmentTeam = 75F94K2BEH;
						SystemCapabilities = {
							com.apple.InAppPurchase = {
								enabled = 0;
							};
						};
					};
					4D2E7D061B2AE55C007A08F3 = {
						CreatedOnToolsVersion = 6.3.2;
						TestTargetID = 4D2E7CED1B2AE55C007A08F3;
					};
				};
			};
			buildConfigurationList = 4D2E7CE91B2AE55C007A08F3 /* Build configuration list for PBXProject "Tic-Tac-Toe AI" */;
			compatibilityVersion = "Xcode 3.2";
			developmentRegion = English;
			hasScannedForEncodings = 0;
			knownRegions = (
				en,
				Base,
			);
			mainGroup = 4D2E7CE51B2AE55C007A08F3;
			productRefGroup = 4D2E7CEF1B2AE55C007A08F3 /* Products */;
			projectDirPath = "";
			projectRoot = "";
			targets = (
				4D2E7CED1B2AE55C007A08F3 /* Tic-Tac-Toe AI */,
				4D2E7D061B2AE55C007A08F3 /* Tic-Tac-Toe AITests */,
			);
		};
/* End PBXProject section */

/* Begin PBXResourcesBuildPhase section */
		4D2E7CEC1B2AE55C007A08F3 /* Resources */ = {
			isa = PBXResourcesBuildPhase;
			buildActionMask = 2147483647;
			files = (
				4DBB1BAC1B74B0950087BE8C /* arrowLeft-1.png in Resources */,
				4DBB1BB21B74B2A90087BE8C /* Back-100 (1).png in Resources */,
				4DBB1BAE1B74B15C0087BE8C /* Back-100.png in Resources */,
				4DBB1BB41B74B3280087BE8C /* Previous.png in Resources */,
				4D2E7CFD1B2AE55C007A08F3 /* Main.storyboard in Resources */,
				29E3F9BF1B67F99E00AC15EE /* Launch Screen.xib in Resources */,
				4D30A2A41B42FFD7005AC530 /* back1.png in Resources */,
				4D2E7CFF1B2AE55C007A08F3 /* Images.xcassets in Resources */,
				4DBB1BB01B74B1C20087BE8C /* ic_arrow_back_white_24dp.png in Resources */,
			);
			runOnlyForDeploymentPostprocessing = 0;
		};
		4D2E7D051B2AE55C007A08F3 /* Resources */ = {
			isa = PBXResourcesBuildPhase;
			buildActionMask = 2147483647;
			files = (
			);
			runOnlyForDeploymentPostprocessing = 0;
		};
/* End PBXResourcesBuildPhase section */

/* Begin PBXSourcesBuildPhase section */
		4D2E7CEA1B2AE55C007A08F3 /* Sources */ = {
			isa = PBXSourcesBuildPhase;
			buildActionMask = 2147483647;
			files = (
				4D2E7D271B2C61FE007A08F3 /* Board.m in Sources */,
				4DD6496D1B3DC68D006DF972 /* NavigationBar.m in Sources */,
				4DBB1BAA1B7294E20087BE8C /* OnboardViewController.m in Sources */,
				4D2E7D2A1B2DDDDE007A08F3 /* AI.m in Sources */,
				4D2E7D2D1B344EC2007A08F3 /* ButtomScoreBoard.m in Sources */,
				4DD816A31B8395B100620CF7 /* UIColor+ExtendedColorScheme.m in Sources */,
				4D2E7CFA1B2AE55C007A08F3 /* GameViewController.m in Sources */,
				4D2E7CF71B2AE55C007A08F3 /* AppDelegate.m in Sources */,
				4D3D5D391B713CE5005AF774 /* gameScoreState.m in Sources */,
				4D7691F91B767922009922F3 /* SMPageControl.m in Sources */,
				4DD649691B3DA5A8006DF972 /* ButtomButton.m in Sources */,
				4DE8861E1B3B3ECF00D8D80D /* PlayerType.m in Sources */,
				4D2E7D301B35873F007A08F3 /* GridLines.m in Sources */,
				4D30A29C1B3EC741005AC530 /* Clock.m in Sources */,
				2930E85C1B635CC1002D22D6 /* levelAlgorithm.m in Sources */,
				4DD816A01B7F517E00620CF7 /* GameMode.m in Sources */,
				4DE886221B3D64D400D8D80D /* StartViewController.m in Sources */,
				4D2E7CF41B2AE55C007A08F3 /* main.m in Sources */,
				4D2E7D1F1B2AF888007A08F3 /* GameBoardUI.m in Sources */,
				29E3F9BD1B66B8BB00AC15EE /* LogoView.m in Sources */,
				4D2E7D241B2B1151007A08F3 /* Player.m in Sources */,
				4D2E7D191B2AF1FB007A08F3 /* GameCellUI.m in Sources */,
			);
			runOnlyForDeploymentPostprocessing = 0;
		};
		4D2E7D031B2AE55C007A08F3 /* Sources */ = {
			isa = PBXSourcesBuildPhase;
			buildActionMask = 2147483647;
			files = (
				4D2E7D0E1B2AE55C007A08F3 /* Tic_Tac_Toe_AITests.m in Sources */,
			);
			runOnlyForDeploymentPostprocessing = 0;
		};
/* End PBXSourcesBuildPhase section */

/* Begin PBXTargetDependency section */
		4D2E7D091B2AE55C007A08F3 /* PBXTargetDependency */ = {
			isa = PBXTargetDependency;
			target = 4D2E7CED1B2AE55C007A08F3 /* Tic-Tac-Toe AI */;
			targetProxy = 4D2E7D081B2AE55C007A08F3 /* PBXContainerItemProxy */;
		};
/* End PBXTargetDependency section */

/* Begin PBXVariantGroup section */
		4D2E7CFB1B2AE55C007A08F3 /* Main.storyboard */ = {
			isa = PBXVariantGroup;
			children = (
				4D2E7CFC1B2AE55C007A08F3 /* Base */,
			);
			name = Main.storyboard;
			sourceTree = "<group>";
		};
/* End PBXVariantGroup section */

/* Begin XCBuildConfiguration section */
		4D2E7D0F1B2AE55C007A08F3 /* Debug */ = {
			isa = XCBuildConfiguration;
			buildSettings = {
				ALWAYS_SEARCH_USER_PATHS = NO;
				CLANG_CXX_LANGUAGE_STANDARD = "gnu++0x";
				CLANG_CXX_LIBRARY = "libc++";
				CLANG_ENABLE_MODULES = YES;
				CLANG_ENABLE_OBJC_ARC = YES;
				CLANG_WARN_BOOL_CONVERSION = YES;
				CLANG_WARN_CONSTANT_CONVERSION = YES;
				CLANG_WARN_DIRECT_OBJC_ISA_USAGE = YES_ERROR;
				CLANG_WARN_EMPTY_BODY = YES;
				CLANG_WARN_ENUM_CONVERSION = YES;
				CLANG_WARN_INT_CONVERSION = YES;
				CLANG_WARN_OBJC_ROOT_CLASS = YES_ERROR;
				CLANG_WARN_UNREACHABLE_CODE = YES;
				CLANG_WARN__DUPLICATE_METHOD_MATCH = YES;
				"CODE_SIGN_IDENTITY[sdk=iphoneos*]" = "iPhone Developer";
				COPY_PHASE_STRIP = NO;
				DEBUG_INFORMATION_FORMAT = "dwarf-with-dsym";
				ENABLE_STRICT_OBJC_MSGSEND = YES;
				ENABLE_TESTABILITY = YES;
				EXCLUDED_RECURSIVE_SEARCH_PATH_SUBDIRECTORIES = "*.nib *.lproj *.gch *.xcode* *.xcassets (*) .DS_Store CVS .svn .git .hg *.pbproj *.pbxproj";
				GCC_C_LANGUAGE_STANDARD = gnu99;
				GCC_DYNAMIC_NO_PIC = NO;
				GCC_NO_COMMON_BLOCKS = YES;
				GCC_OPTIMIZATION_LEVEL = 0;
				GCC_PREPROCESSOR_DEFINITIONS = (
					"DEBUG=1",
					"$(inherited)",
				);
				GCC_SYMBOLS_PRIVATE_EXTERN = NO;
				GCC_WARN_64_TO_32_BIT_CONVERSION = YES;
				GCC_WARN_ABOUT_RETURN_TYPE = YES_ERROR;
				GCC_WARN_UNDECLARED_SELECTOR = YES;
				GCC_WARN_UNINITIALIZED_AUTOS = YES_AGGRESSIVE;
				GCC_WARN_UNUSED_FUNCTION = YES;
				GCC_WARN_UNUSED_VARIABLE = YES;
				IPHONEOS_DEPLOYMENT_TARGET = 7.0;
				MTL_ENABLE_DEBUG_INFO = YES;
				ONLY_ACTIVE_ARCH = YES;
				SDKROOT = iphoneos9.0;
			};
			name = Debug;
		};
		4D2E7D101B2AE55C007A08F3 /* Release */ = {
			isa = XCBuildConfiguration;
			buildSettings = {
				ALWAYS_SEARCH_USER_PATHS = NO;
				CLANG_CXX_LANGUAGE_STANDARD = "gnu++0x";
				CLANG_CXX_LIBRARY = "libc++";
				CLANG_ENABLE_MODULES = YES;
				CLANG_ENABLE_OBJC_ARC = YES;
				CLANG_WARN_BOOL_CONVERSION = YES;
				CLANG_WARN_CONSTANT_CONVERSION = YES;
				CLANG_WARN_DIRECT_OBJC_ISA_USAGE = YES_ERROR;
				CLANG_WARN_EMPTY_BODY = YES;
				CLANG_WARN_ENUM_CONVERSION = YES;
				CLANG_WARN_INT_CONVERSION = YES;
				CLANG_WARN_OBJC_ROOT_CLASS = YES_ERROR;
				CLANG_WARN_UNREACHABLE_CODE = YES;
				CLANG_WARN__DUPLICATE_METHOD_MATCH = YES;
				"CODE_SIGN_IDENTITY[sdk=iphoneos*]" = "iPhone Developer";
				COPY_PHASE_STRIP = NO;
				DEBUG_INFORMATION_FORMAT = "dwarf-with-dsym";
				ENABLE_NS_ASSERTIONS = NO;
				ENABLE_STRICT_OBJC_MSGSEND = YES;
				EXCLUDED_RECURSIVE_SEARCH_PATH_SUBDIRECTORIES = "*.nib *.lproj *.gch *.xcode* *.xcassets (*) .DS_Store CVS .svn .git .hg *.pbproj *.pbxproj";
				GCC_C_LANGUAGE_STANDARD = gnu99;
				GCC_NO_COMMON_BLOCKS = YES;
				GCC_WARN_64_TO_32_BIT_CONVERSION = YES;
				GCC_WARN_ABOUT_RETURN_TYPE = YES_ERROR;
				GCC_WARN_UNDECLARED_SELECTOR = YES;
				GCC_WARN_UNINITIALIZED_AUTOS = YES_AGGRESSIVE;
				GCC_WARN_UNUSED_FUNCTION = YES;
				GCC_WARN_UNUSED_VARIABLE = YES;
				IPHONEOS_DEPLOYMENT_TARGET = 7.0;
				MTL_ENABLE_DEBUG_INFO = NO;
				SDKROOT = iphoneos9.0;
				VALIDATE_PRODUCT = YES;
			};
			name = Release;
		};
		4D2E7D121B2AE55C007A08F3 /* Debug */ = {
			isa = XCBuildConfiguration;
			buildSettings = {
				ASSETCATALOG_COMPILER_APPICON_NAME = AppIcon;
				ASSETCATALOG_COMPILER_LAUNCHIMAGE_NAME = LaunchImage;
				CODE_SIGN_IDENTITY = "iPhone Developer";
				"CODE_SIGN_IDENTITY[sdk=iphoneos*]" = "iPhone Developer";
				FRAMEWORK_SEARCH_PATHS = "\"$(SRCROOT)/\"/**";
				INFOPLIST_FILE = "Tic-Tac-Toe AI/Info.plist";
				IPHONEOS_DEPLOYMENT_TARGET = 7.0;
				LD_RUNPATH_SEARCH_PATHS = "$(inherited) @executable_path/Frameworks";
				PRODUCT_BUNDLE_IDENTIFIER = "amir.$(PRODUCT_NAME:rfc1034identifier)";
				PRODUCT_NAME = "$(TARGET_NAME)";
				PROVISIONING_PROFILE = "";
				TARGETED_DEVICE_FAMILY = "1,2";
			};
			name = Debug;
		};
		4D2E7D131B2AE55C007A08F3 /* Release */ = {
			isa = XCBuildConfiguration;
			buildSettings = {
				ASSETCATALOG_COMPILER_APPICON_NAME = AppIcon;
				ASSETCATALOG_COMPILER_LAUNCHIMAGE_NAME = LaunchImage;
				CODE_SIGN_IDENTITY = "iPhone Developer";
				"CODE_SIGN_IDENTITY[sdk=iphoneos*]" = "iPhone Developer";
				FRAMEWORK_SEARCH_PATHS = "\"$(SRCROOT)/\"/**";
				INFOPLIST_FILE = "Tic-Tac-Toe AI/Info.plist";
				IPHONEOS_DEPLOYMENT_TARGET = 7.0;
				LD_RUNPATH_SEARCH_PATHS = "$(inherited) @executable_path/Frameworks";
				PRODUCT_BUNDLE_IDENTIFIER = "amir.$(PRODUCT_NAME:rfc1034identifier)";
				PRODUCT_NAME = "$(TARGET_NAME)";
				PROVISIONING_PROFILE = "";
				TARGETED_DEVICE_FAMILY = "1,2";
			};
			name = Release;
		};
		4D2E7D151B2AE55C007A08F3 /* Debug */ = {
			isa = XCBuildConfiguration;
			buildSettings = {
				BUNDLE_LOADER = "$(TEST_HOST)";
				GCC_PREPROCESSOR_DEFINITIONS = (
					"DEBUG=1",
					"$(inherited)",
				);
				INFOPLIST_FILE = "Tic-Tac-Toe AITests/Info.plist";
				LD_RUNPATH_SEARCH_PATHS = "$(inherited) @executable_path/Frameworks @loader_path/Frameworks";
				PRODUCT_BUNDLE_IDENTIFIER = "amir.$(PRODUCT_NAME:rfc1034identifier)";
				PRODUCT_NAME = "$(TARGET_NAME)";
				TEST_HOST = "$(BUILT_PRODUCTS_DIR)/Tic-Tac-Toe AI.app/Tic-Tac-Toe AI";
			};
			name = Debug;
		};
		4D2E7D161B2AE55C007A08F3 /* Release */ = {
			isa = XCBuildConfiguration;
			buildSettings = {
				BUNDLE_LOADER = "$(TEST_HOST)";
				INFOPLIST_FILE = "Tic-Tac-Toe AITests/Info.plist";
				LD_RUNPATH_SEARCH_PATHS = "$(inherited) @executable_path/Frameworks @loader_path/Frameworks";
				PRODUCT_BUNDLE_IDENTIFIER = "amir.$(PRODUCT_NAME:rfc1034identifier)";
				PRODUCT_NAME = "$(TARGET_NAME)";
				TEST_HOST = "$(BUILT_PRODUCTS_DIR)/Tic-Tac-Toe AI.app/Tic-Tac-Toe AI";
			};
			name = Release;
		};
/* End XCBuildConfiguration section */

/* Begin XCConfigurationList section */
		4D2E7CE91B2AE55C007A08F3 /* Build configuration list for PBXProject "Tic-Tac-Toe AI" */ = {
			isa = XCConfigurationList;
			buildConfigurations = (
				4D2E7D0F1B2AE55C007A08F3 /* Debug */,
				4D2E7D101B2AE55C007A08F3 /* Release */,
			);
			defaultConfigurationIsVisible = 0;
			defaultConfigurationName = Release;
		};
		4D2E7D111B2AE55C007A08F3 /* Build configuration list for PBXNativeTarget "Tic-Tac-Toe AI" */ = {
			isa = XCConfigurationList;
			buildConfigurations = (
				4D2E7D121B2AE55C007A08F3 /* Debug */,
				4D2E7D131B2AE55C007A08F3 /* Release */,
			);
			defaultConfigurationIsVisible = 0;
			defaultConfigurationName = Release;
		};
		4D2E7D141B2AE55C007A08F3 /* Build configuration list for PBXNativeTarget "Tic-Tac-Toe AITests" */ = {
			isa = XCConfigurationList;
			buildConfigurations = (
				4D2E7D151B2AE55C007A08F3 /* Debug */,
				4D2E7D161B2AE55C007A08F3 /* Release */,
			);
			defaultConfigurationIsVisible = 0;
			defaultConfigurationName = Release;
		};
/* End XCConfigurationList section */
	};
	rootObject = 4D2E7CE61B2AE55C007A08F3 /* Project object */;
}
