// !$*UTF8*$!
{
	archiveVersion = 1;
	classes = {
	};
	objectVersion = 46;
	objects = {

/* Begin PBXBuildFile section */
		2930E85C1B635CC1002D22D6 /* Level.m in Sources */ = {isa = PBXBuildFile; fileRef = 2930E85B1B635CC1002D22D6 /* Level.m */; };
		29E3F9BD1B66B8BB00AC15EE /* LogoView.m in Sources */ = {isa = PBXBuildFile; fileRef = 29E3F9BC1B66B8BB00AC15EE /* LogoView.m */; };
		29E3F9BF1B67F99E00AC15EE /* Launch Screen.xib in Resources */ = {isa = PBXBuildFile; fileRef = 29E3F9BE1B67F99E00AC15EE /* Launch Screen.xib */; };
		4D2E7CF41B2AE55C007A08F3 /* main.m in Sources */ = {isa = PBXBuildFile; fileRef = 4D2E7CF31B2AE55C007A08F3 /* main.m */; };
		4D2E7CF71B2AE55C007A08F3 /* AppDelegate.m in Sources */ = {isa = PBXBuildFile; fileRef = 4D2E7CF61B2AE55C007A08F3 /* AppDelegate.m */; };
		4D2E7CFA1B2AE55C007A08F3 /* ViewController.m in Sources */ = {isa = PBXBuildFile; fileRef = 4D2E7CF91B2AE55C007A08F3 /* ViewController.m */; };
		4D2E7CFD1B2AE55C007A08F3 /* Main.storyboard in Resources */ = {isa = PBXBuildFile; fileRef = 4D2E7CFB1B2AE55C007A08F3 /* Main.storyboard */; };
		4D2E7CFF1B2AE55C007A08F3 /* Images.xcassets in Resources */ = {isa = PBXBuildFile; fileRef = 4D2E7CFE1B2AE55C007A08F3 /* Images.xcassets */; };
		4D2E7D0E1B2AE55C007A08F3 /* Tic_Tac_Toe_AITests.m in Sources */ = {isa = PBXBuildFile; fileRef = 4D2E7D0D1B2AE55C007A08F3 /* Tic_Tac_Toe_AITests.m */; };
		4D2E7D191B2AF1FB007A08F3 /* GameCellUI.m in Sources */ = {isa = PBXBuildFile; fileRef = 4D2E7D181B2AF1FB007A08F3 /* GameCellUI.m */; };
		4D2E7D1F1B2AF888007A08F3 /* GameBoardUI.m in Sources */ = {isa = PBXBuildFile; fileRef = 4D2E7D1E1B2AF888007A08F3 /* GameBoardUI.m */; };
		4D2E7D241B2B1151007A08F3 /* Player.m in Sources */ = {isa = PBXBuildFile; fileRef = 4D2E7D231B2B1151007A08F3 /* Player.m */; };
		4D2E7D271B2C61FE007A08F3 /* Board.m in Sources */ = {isa = PBXBuildFile; fileRef = 4D2E7D261B2C61FE007A08F3 /* Board.m */; };
		4D2E7D2A1B2DDDDE007A08F3 /* AI.m in Sources */ = {isa = PBXBuildFile; fileRef = 4D2E7D291B2DDDDE007A08F3 /* AI.m */; };
		4D2E7D2D1B344EC2007A08F3 /* ButtomScoreBoard.m in Sources */ = {isa = PBXBuildFile; fileRef = 4D2E7D2C1B344EC2007A08F3 /* ButtomScoreBoard.m */; };
		4D2E7D301B35873F007A08F3 /* GridLines.m in Sources */ = {isa = PBXBuildFile; fileRef = 4D2E7D2F1B35873F007A08F3 /* GridLines.m */; };
		4D30A29C1B3EC741005AC530 /* Clock.m in Sources */ = {isa = PBXBuildFile; fileRef = 4D30A29B1B3EC741005AC530 /* Clock.m */; };
		4D30A2A41B42FFD7005AC530 /* back1.png in Resources */ = {isa = PBXBuildFile; fileRef = 4D30A2A31B42FFD7005AC530 /* back1.png */; };
		4DD649691B3DA5A8006DF972 /* ButtomButton.m in Sources */ = {isa = PBXBuildFile; fileRef = 4DD649681B3DA5A8006DF972 /* ButtomButton.m */; };
		4DD6496D1B3DC68D006DF972 /* NavigationBar.m in Sources */ = {isa = PBXBuildFile; fileRef = 4DD6496C1B3DC68D006DF972 /* NavigationBar.m */; };
		4DE886181B3892DE00D8D80D /* JosefinSans-Light.ttf in Resources */ = {isa = PBXBuildFile; fileRef = 4DE886141B388EA800D8D80D /* JosefinSans-Light.ttf */; };
		4DE886191B3892E400D8D80D /* JosefinSans-Thin.ttf in Resources */ = {isa = PBXBuildFile; fileRef = 4DE886151B388EBB00D8D80D /* JosefinSans-Thin.ttf */; };
		4DE8861A1B3892FD00D8D80D /* JosefinSans-Regular.ttf in Resources */ = {isa = PBXBuildFile; fileRef = 4DE886161B388EC300D8D80D /* JosefinSans-Regular.ttf */; };
		4DE8861B1B38930300D8D80D /* JosefinSans-Bold.ttf in Resources */ = {isa = PBXBuildFile; fileRef = 4DE886171B388ECF00D8D80D /* JosefinSans-Bold.ttf */; };
		4DE8861E1B3B3ECF00D8D80D /* PlayerType.m in Sources */ = {isa = PBXBuildFile; fileRef = 4DE8861D1B3B3ECF00D8D80D /* PlayerType.m */; };
		4DE886221B3D64D400D8D80D /* FirstViewController.m in Sources */ = {isa = PBXBuildFile; fileRef = 4DE886211B3D64D400D8D80D /* FirstViewController.m */; };
/* End PBXBuildFile section */

/* Begin PBXContainerItemProxy section */
		4D2E7D081B2AE55C007A08F3 /* PBXContainerItemProxy */ = {
			isa = PBXContainerItemProxy;
			containerPortal = 4D2E7CE61B2AE55C007A08F3 /* Project object */;
			proxyType = 1;
			remoteGlobalIDString = 4D2E7CED1B2AE55C007A08F3;
			remoteInfo = "Tic-Tac-Toe AI";
		};
/* End PBXContainerItemProxy section */

/* Begin PBXFileReference section */
		2930E85A1B635CC1002D22D6 /* Level.h */ = {isa = PBXFileReference; fileEncoding = 4; lastKnownFileType = sourcecode.c.h; path = Level.h; sourceTree = "<group>"; };
		2930E85B1B635CC1002D22D6 /* Level.m */ = {isa = PBXFileReference; fileEncoding = 4; lastKnownFileType = sourcecode.c.objc; path = Level.m; sourceTree = "<group>"; };
		29E3F9BB1B66B8BB00AC15EE /* LogoView.h */ = {isa = PBXFileReference; fileEncoding = 4; lastKnownFileType = sourcecode.c.h; path = LogoView.h; sourceTree = "<group>"; };
		29E3F9BC1B66B8BB00AC15EE /* LogoView.m */ = {isa = PBXFileReference; fileEncoding = 4; lastKnownFileType = sourcecode.c.objc; path = LogoView.m; sourceTree = "<group>"; };
		29E3F9BE1B67F99E00AC15EE /* Launch Screen.xib */ = {isa = PBXFileReference; fileEncoding = 4; lastKnownFileType = file.xib; path = "Launch Screen.xib"; sourceTree = "<group>"; };
		4D2E7CEE1B2AE55C007A08F3 /* Tic-Tac-Toe AI.app */ = {isa = PBXFileReference; explicitFileType = wrapper.application; includeInIndex = 0; path = "Tic-Tac-Toe AI.app"; sourceTree = BUILT_PRODUCTS_DIR; };
		4D2E7CF21B2AE55C007A08F3 /* Info.plist */ = {isa = PBXFileReference; lastKnownFileType = text.plist.xml; path = Info.plist; sourceTree = "<group>"; };
		4D2E7CF31B2AE55C007A08F3 /* main.m */ = {isa = PBXFileReference; lastKnownFileType = sourcecode.c.objc; path = main.m; sourceTree = "<group>"; };
		4D2E7CF51B2AE55C007A08F3 /* AppDelegate.h */ = {isa = PBXFileReference; lastKnownFileType = sourcecode.c.h; path = AppDelegate.h; sourceTree = "<group>"; };
		4D2E7CF61B2AE55C007A08F3 /* AppDelegate.m */ = {isa = PBXFileReference; lastKnownFileType = sourcecode.c.objc; path = AppDelegate.m; sourceTree = "<group>"; };
		4D2E7CF81B2AE55C007A08F3 /* ViewController.h */ = {isa = PBXFileReference; lastKnownFileType = sourcecode.c.h; path = ViewController.h; sourceTree = "<group>"; };
		4D2E7CF91B2AE55C007A08F3 /* ViewController.m */ = {isa = PBXFileReference; lastKnownFileType = sourcecode.c.objc; path = ViewController.m; sourceTree = "<group>"; };
		4D2E7CFC1B2AE55C007A08F3 /* Base */ = {isa = PBXFileReference; lastKnownFileType = file.storyboard; name = Base; path = Base.lproj/Main.storyboard; sourceTree = "<group>"; };
		4D2E7CFE1B2AE55C007A08F3 /* Images.xcassets */ = {isa = PBXFileReference; lastKnownFileType = folder.assetcatalog; path = Images.xcassets; sourceTree = "<group>"; };
		4D2E7D071B2AE55C007A08F3 /* Tic-Tac-Toe AITests.xctest */ = {isa = PBXFileReference; explicitFileType = wrapper.cfbundle; includeInIndex = 0; path = "Tic-Tac-Toe AITests.xctest"; sourceTree = BUILT_PRODUCTS_DIR; };
		4D2E7D0C1B2AE55C007A08F3 /* Info.plist */ = {isa = PBXFileReference; lastKnownFileType = text.plist.xml; path = Info.plist; sourceTree = "<group>"; };
		4D2E7D0D1B2AE55C007A08F3 /* Tic_Tac_Toe_AITests.m */ = {isa = PBXFileReference; lastKnownFileType = sourcecode.c.objc; path = Tic_Tac_Toe_AITests.m; sourceTree = "<group>"; };
		4D2E7D171B2AF1FB007A08F3 /* GameCellUI.h */ = {isa = PBXFileReference; fileEncoding = 4; lastKnownFileType = sourcecode.c.h; path = GameCellUI.h; sourceTree = "<group>"; };
		4D2E7D181B2AF1FB007A08F3 /* GameCellUI.m */ = {isa = PBXFileReference; fileEncoding = 4; lastKnownFileType = sourcecode.c.objc; path = GameCellUI.m; sourceTree = "<group>"; };
		4D2E7D1D1B2AF888007A08F3 /* GameBoardUI.h */ = {isa = PBXFileReference; fileEncoding = 4; lastKnownFileType = sourcecode.c.h; path = GameBoardUI.h; sourceTree = "<group>"; };
		4D2E7D1E1B2AF888007A08F3 /* GameBoardUI.m */ = {isa = PBXFileReference; fileEncoding = 4; lastKnownFileType = sourcecode.c.objc; path = GameBoardUI.m; sourceTree = "<group>"; };
		4D2E7D221B2B1151007A08F3 /* Player.h */ = {isa = PBXFileReference; fileEncoding = 4; lastKnownFileType = sourcecode.c.h; path = Player.h; sourceTree = "<group>"; };
		4D2E7D231B2B1151007A08F3 /* Player.m */ = {isa = PBXFileReference; fileEncoding = 4; lastKnownFileType = sourcecode.c.objc; path = Player.m; sourceTree = "<group>"; };
		4D2E7D251B2C61FE007A08F3 /* Board.h */ = {isa = PBXFileReference; fileEncoding = 4; lastKnownFileType = sourcecode.c.h; path = Board.h; sourceTree = "<group>"; };
		4D2E7D261B2C61FE007A08F3 /* Board.m */ = {isa = PBXFileReference; fileEncoding = 4; lastKnownFileType = sourcecode.c.objc; path = Board.m; sourceTree = "<group>"; };
		4D2E7D281B2DDDDE007A08F3 /* AI.h */ = {isa = PBXFileReference; fileEncoding = 4; lastKnownFileType = sourcecode.c.h; path = AI.h; sourceTree = "<group>"; };
		4D2E7D291B2DDDDE007A08F3 /* AI.m */ = {isa = PBXFileReference; fileEncoding = 4; lastKnownFileType = sourcecode.c.objc; path = AI.m; sourceTree = "<group>"; };
		4D2E7D2B1B344EC2007A08F3 /* ButtomScoreBoard.h */ = {isa = PBXFileReference; fileEncoding = 4; lastKnownFileType = sourcecode.c.h; path = ButtomScoreBoard.h; sourceTree = "<group>"; };
		4D2E7D2C1B344EC2007A08F3 /* ButtomScoreBoard.m */ = {isa = PBXFileReference; fileEncoding = 4; lastKnownFileType = sourcecode.c.objc; path = ButtomScoreBoard.m; sourceTree = "<group>"; };
		4D2E7D2E1B35873F007A08F3 /* GridLines.h */ = {isa = PBXFileReference; fileEncoding = 4; lastKnownFileType = sourcecode.c.h; path = GridLines.h; sourceTree = "<group>"; };
		4D2E7D2F1B35873F007A08F3 /* GridLines.m */ = {isa = PBXFileReference; fileEncoding = 4; lastKnownFileType = sourcecode.c.objc; path = GridLines.m; sourceTree = "<group>"; };
		4D30A29A1B3EC741005AC530 /* Clock.h */ = {isa = PBXFileReference; fileEncoding = 4; lastKnownFileType = sourcecode.c.h; path = Clock.h; sourceTree = "<group>"; };
		4D30A29B1B3EC741005AC530 /* Clock.m */ = {isa = PBXFileReference; fileEncoding = 4; lastKnownFileType = sourcecode.c.objc; path = Clock.m; sourceTree = "<group>"; };
		4D30A2A21B4049CC005AC530 /* JosefinSans-SemiBold.ttf */ = {isa = PBXFileReference; lastKnownFileType = file; path = "JosefinSans-SemiBold.ttf"; sourceTree = "<group>"; };
		4D30A2A31B42FFD7005AC530 /* back1.png */ = {isa = PBXFileReference; lastKnownFileType = image.png; path = back1.png; sourceTree = "<group>"; };
		4DD649671B3DA5A8006DF972 /* ButtomButton.h */ = {isa = PBXFileReference; fileEncoding = 4; lastKnownFileType = sourcecode.c.h; path = ButtomButton.h; sourceTree = "<group>"; };
		4DD649681B3DA5A8006DF972 /* ButtomButton.m */ = {isa = PBXFileReference; fileEncoding = 4; lastKnownFileType = sourcecode.c.objc; path = ButtomButton.m; sourceTree = "<group>"; };
		4DD6496B1B3DC68D006DF972 /* NavigationBar.h */ = {isa = PBXFileReference; fileEncoding = 4; lastKnownFileType = sourcecode.c.h; path = NavigationBar.h; sourceTree = "<group>"; };
		4DD6496C1B3DC68D006DF972 /* NavigationBar.m */ = {isa = PBXFileReference; fileEncoding = 4; lastKnownFileType = sourcecode.c.objc; path = NavigationBar.m; sourceTree = "<group>"; };
		4DE886141B388EA800D8D80D /* JosefinSans-Light.ttf */ = {isa = PBXFileReference; lastKnownFileType = file; path = "JosefinSans-Light.ttf"; sourceTree = "<group>"; };
		4DE886151B388EBB00D8D80D /* JosefinSans-Thin.ttf */ = {isa = PBXFileReference; lastKnownFileType = file; path = "JosefinSans-Thin.ttf"; sourceTree = "<group>"; };
		4DE886161B388EC300D8D80D /* JosefinSans-Regular.ttf */ = {isa = PBXFileReference; lastKnownFileType = file; path = "JosefinSans-Regular.ttf"; sourceTree = "<group>"; };
		4DE886171B388ECF00D8D80D /* JosefinSans-Bold.ttf */ = {isa = PBXFileReference; lastKnownFileType = file; path = "JosefinSans-Bold.ttf"; sourceTree = "<group>"; };
		4DE8861C1B3B3ECF00D8D80D /* PlayerType.h */ = {isa = PBXFileReference; fileEncoding = 4; lastKnownFileType = sourcecode.c.h; path = PlayerType.h; sourceTree = "<group>"; };
		4DE8861D1B3B3ECF00D8D80D /* PlayerType.m */ = {isa = PBXFileReference; fileEncoding = 4; lastKnownFileType = sourcecode.c.objc; path = PlayerType.m; sourceTree = "<group>"; };
		4DE886201B3D64D400D8D80D /* FirstViewController.h */ = {isa = PBXFileReference; fileEncoding = 4; lastKnownFileType = sourcecode.c.h; path = FirstViewController.h; sourceTree = "<group>"; };
		4DE886211B3D64D400D8D80D /* FirstViewController.m */ = {isa = PBXFileReference; fileEncoding = 4; lastKnownFileType = sourcecode.c.objc; path = FirstViewController.m; sourceTree = "<group>"; };
/* End PBXFileReference section */

/* Begin PBXFrameworksBuildPhase section */
		4D2E7CEB1B2AE55C007A08F3 /* Frameworks */ = {
			isa = PBXFrameworksBuildPhase;
			buildActionMask = 2147483647;
			files = (
			);
			runOnlyForDeploymentPostprocessing = 0;
		};
		4D2E7D041B2AE55C007A08F3 /* Frameworks */ = {
			isa = PBXFrameworksBuildPhase;
			buildActionMask = 2147483647;
			files = (
			);
			runOnlyForDeploymentPostprocessing = 0;
		};
/* End PBXFrameworksBuildPhase section */

/* Begin PBXGroup section */
		4D2E7CE51B2AE55C007A08F3 = {
			isa = PBXGroup;
			children = (
				4D2E7CF01B2AE55C007A08F3 /* Tic-Tac-Toe AI */,
				4D2E7D0A1B2AE55C007A08F3 /* Tic-Tac-Toe AITests */,
				4D2E7CEF1B2AE55C007A08F3 /* Products */,
			);
			sourceTree = "<group>";
		};
		4D2E7CEF1B2AE55C007A08F3 /* Products */ = {
			isa = PBXGroup;
			children = (
				4D2E7CEE1B2AE55C007A08F3 /* Tic-Tac-Toe AI.app */,
				4D2E7D071B2AE55C007A08F3 /* Tic-Tac-Toe AITests.xctest */,
			);
			name = Products;
			sourceTree = "<group>";
		};
		4D2E7CF01B2AE55C007A08F3 /* Tic-Tac-Toe AI */ = {
			isa = PBXGroup;
			children = (
				4DD6496A1B3DAEC0006DF972 /* VIEWCONTROLLER */,
				4D2E7D211B2B1130007A08F3 /* MODEL */,
				4D2E7D201B2B1114007A08F3 /* UI */,
				4D2E7CF11B2AE55C007A08F3 /* Supporting Files */,
			);
			path = "Tic-Tac-Toe AI";
			sourceTree = "<group>";
		};
		4D2E7CF11B2AE55C007A08F3 /* Supporting Files */ = {
			isa = PBXGroup;
			children = (
				4DE8861F1B3D5E9700D8D80D /* font */,
				4D2E7CF21B2AE55C007A08F3 /* Info.plist */,
				4D2E7CF31B2AE55C007A08F3 /* main.m */,
			);
			name = "Supporting Files";
			sourceTree = "<group>";
		};
		4D2E7D0A1B2AE55C007A08F3 /* Tic-Tac-Toe AITests */ = {
			isa = PBXGroup;
			children = (
				4D2E7D0D1B2AE55C007A08F3 /* Tic_Tac_Toe_AITests.m */,
				4D2E7D0B1B2AE55C007A08F3 /* Supporting Files */,
			);
			path = "Tic-Tac-Toe AITests";
			sourceTree = "<group>";
		};
		4D2E7D0B1B2AE55C007A08F3 /* Supporting Files */ = {
			isa = PBXGroup;
			children = (
				4D2E7D0C1B2AE55C007A08F3 /* Info.plist */,
			);
			name = "Supporting Files";
			sourceTree = "<group>";
		};
		4D2E7D201B2B1114007A08F3 /* UI */ = {
			isa = PBXGroup;
			children = (
				29E3F9BB1B66B8BB00AC15EE /* LogoView.h */,
				29E3F9BC1B66B8BB00AC15EE /* LogoView.m */,
				4D2E7D2E1B35873F007A08F3 /* GridLines.h */,
				4D2E7D2F1B35873F007A08F3 /* GridLines.m */,
				4D30A29A1B3EC741005AC530 /* Clock.h */,
				4D30A29B1B3EC741005AC530 /* Clock.m */,
				4D2E7D1D1B2AF888007A08F3 /* GameBoardUI.h */,
				4D2E7D1E1B2AF888007A08F3 /* GameBoardUI.m */,
				4D2E7D171B2AF1FB007A08F3 /* GameCellUI.h */,
				4D2E7D181B2AF1FB007A08F3 /* GameCellUI.m */,
				4D2E7D2B1B344EC2007A08F3 /* ButtomScoreBoard.h */,
				4D2E7D2C1B344EC2007A08F3 /* ButtomScoreBoard.m */,
				4DD649671B3DA5A8006DF972 /* ButtomButton.h */,
				4DD649681B3DA5A8006DF972 /* ButtomButton.m */,
				4DD6496B1B3DC68D006DF972 /* NavigationBar.h */,
				4DD6496C1B3DC68D006DF972 /* NavigationBar.m */,
				4D30A2A31B42FFD7005AC530 /* back1.png */,
				4D30A2A21B4049CC005AC530 /* JosefinSans-SemiBold.ttf */,
			);
			name = UI;
			sourceTree = "<group>";
		};
		4D2E7D211B2B1130007A08F3 /* MODEL */ = {
			isa = PBXGroup;
			children = (
				4DE8861C1B3B3ECF00D8D80D /* PlayerType.h */,
				4DE8861D1B3B3ECF00D8D80D /* PlayerType.m */,
				2930E85A1B635CC1002D22D6 /* Level.h */,
				2930E85B1B635CC1002D22D6 /* Level.m */,
				4D2E7D221B2B1151007A08F3 /* Player.h */,
				4D2E7D231B2B1151007A08F3 /* Player.m */,
				4D2E7D251B2C61FE007A08F3 /* Board.h */,
				4D2E7D261B2C61FE007A08F3 /* Board.m */,
				4D2E7D281B2DDDDE007A08F3 /* AI.h */,
				4D2E7D291B2DDDDE007A08F3 /* AI.m */,
			);
			name = MODEL;
			sourceTree = "<group>";
		};
		4DD6496A1B3DAEC0006DF972 /* VIEWCONTROLLER */ = {
			isa = PBXGroup;
			children = (
				4D2E7CF51B2AE55C007A08F3 /* AppDelegate.h */,
				4D2E7CF61B2AE55C007A08F3 /* AppDelegate.m */,
				4D2E7CF81B2AE55C007A08F3 /* ViewController.h */,
				4D2E7CF91B2AE55C007A08F3 /* ViewController.m */,
				4DE886201B3D64D400D8D80D /* FirstViewController.h */,
				4DE886211B3D64D400D8D80D /* FirstViewController.m */,
				4D2E7CFE1B2AE55C007A08F3 /* Images.xcassets */,
				4D2E7CFB1B2AE55C007A08F3 /* Main.storyboard */,
				29E3F9BE1B67F99E00AC15EE /* Launch Screen.xib */,
			);
			name = VIEWCONTROLLER;
			sourceTree = "<group>";
		};
		4DE8861F1B3D5E9700D8D80D /* font */ = {
			isa = PBXGroup;
			children = (
				4DE886141B388EA800D8D80D /* JosefinSans-Light.ttf */,
				4DE886151B388EBB00D8D80D /* JosefinSans-Thin.ttf */,
				4DE886161B388EC300D8D80D /* JosefinSans-Regular.ttf */,
				4DE886171B388ECF00D8D80D /* JosefinSans-Bold.ttf */,
			);
			name = font;
			sourceTree = "<group>";
		};
/* End PBXGroup section */

/* Begin PBXNativeTarget section */
		4D2E7CED1B2AE55C007A08F3 /* Tic-Tac-Toe AI */ = {
			isa = PBXNativeTarget;
			buildConfigurationList = 4D2E7D111B2AE55C007A08F3 /* Build configuration list for PBXNativeTarget "Tic-Tac-Toe AI" */;
			buildPhases = (
				4D2E7CEA1B2AE55C007A08F3 /* Sources */,
				4D2E7CEB1B2AE55C007A08F3 /* Frameworks */,
				4D2E7CEC1B2AE55C007A08F3 /* Resources */,
			);
			buildRules = (
			);
			dependencies = (
			);
			name = "Tic-Tac-Toe AI";
			productName = "Tic-Tac-Toe AI";
			productReference = 4D2E7CEE1B2AE55C007A08F3 /* Tic-Tac-Toe AI.app */;
			productType = "com.apple.product-type.application";
		};
		4D2E7D061B2AE55C007A08F3 /* Tic-Tac-Toe AITests */ = {
			isa = PBXNativeTarget;
			buildConfigurationList = 4D2E7D141B2AE55C007A08F3 /* Build configuration list for PBXNativeTarget "Tic-Tac-Toe AITests" */;
			buildPhases = (
				4D2E7D031B2AE55C007A08F3 /* Sources */,
				4D2E7D041B2AE55C007A08F3 /* Frameworks */,
				4D2E7D051B2AE55C007A08F3 /* Resources */,
			);
			buildRules = (
			);
			dependencies = (
				4D2E7D091B2AE55C007A08F3 /* PBXTargetDependency */,
			);
			name = "Tic-Tac-Toe AITests";
			productName = "Tic-Tac-Toe AITests";
			productReference = 4D2E7D071B2AE55C007A08F3 /* Tic-Tac-Toe AITests.xctest */;
			productType = "com.apple.product-type.bundle.unit-test";
		};
/* End PBXNativeTarget section */

/* Begin PBXProject section */
		4D2E7CE61B2AE55C007A08F3 /* Project object */ = {
			isa = PBXProject;
			attributes = {
				LastUpgradeCheck = 0630;
				ORGANIZATIONNAME = "amir lahav";
				TargetAttributes = {
					4D2E7CED1B2AE55C007A08F3 = {
						CreatedOnToolsVersion = 6.3.2;
					};
					4D2E7D061B2AE55C007A08F3 = {
						CreatedOnToolsVersion = 6.3.2;
						TestTargetID = 4D2E7CED1B2AE55C007A08F3;
					};
				};
			};
			buildConfigurationList = 4D2E7CE91B2AE55C007A08F3 /* Build configuration list for PBXProject "Tic-Tac-Toe AI" */;
			compatibilityVersion = "Xcode 3.2";
			developmentRegion = English;
			hasScannedForEncodings = 0;
			knownRegions = (
				en,
				Base,
			);
			mainGroup = 4D2E7CE51B2AE55C007A08F3;
			productRefGroup = 4D2E7CEF1B2AE55C007A08F3 /* Products */;
			projectDirPath = "";
			projectRoot = "";
			targets = (
				4D2E7CED1B2AE55C007A08F3 /* Tic-Tac-Toe AI */,
				4D2E7D061B2AE55C007A08F3 /* Tic-Tac-Toe AITests */,
			);
		};
/* End PBXProject section */

/* Begin PBXResourcesBuildPhase section */
		4D2E7CEC1B2AE55C007A08F3 /* Resources */ = {
			isa = PBXResourcesBuildPhase;
			buildActionMask = 2147483647;
			files = (
				4DE8861B1B38930300D8D80D /* JosefinSans-Bold.ttf in Resources */,
				4DE8861A1B3892FD00D8D80D /* JosefinSans-Regular.ttf in Resources */,
				4DE886191B3892E400D8D80D /* JosefinSans-Thin.ttf in Resources */,
				4DE886181B3892DE00D8D80D /* JosefinSans-Light.ttf in Resources */,
				4D2E7CFD1B2AE55C007A08F3 /* Main.storyboard in Resources */,
				29E3F9BF1B67F99E00AC15EE /* Launch Screen.xib in Resources */,
				4D30A2A41B42FFD7005AC530 /* back1.png in Resources */,
				4D2E7CFF1B2AE55C007A08F3 /* Images.xcassets in Resources */,
			);
			runOnlyForDeploymentPostprocessing = 0;
		};
		4D2E7D051B2AE55C007A08F3 /* Resources */ = {
			isa = PBXResourcesBuildPhase;
			buildActionMask = 2147483647;
			files = (
			);
			runOnlyForDeploymentPostprocessing = 0;
		};
/* End PBXResourcesBuildPhase section */

/* Begin PBXSourcesBuildPhase section */
		4D2E7CEA1B2AE55C007A08F3 /* Sources */ = {
			isa = PBXSourcesBuildPhase;
			buildActionMask = 2147483647;
			files = (
				4D2E7D271B2C61FE007A08F3 /* Board.m in Sources */,
				4DD6496D1B3DC68D006DF972 /* NavigationBar.m in Sources */,
				4D2E7D2A1B2DDDDE007A08F3 /* AI.m in Sources */,
				4D2E7D2D1B344EC2007A08F3 /* ButtomScoreBoard.m in Sources */,
				4D2E7CFA1B2AE55C007A08F3 /* ViewController.m in Sources */,
				4D2E7CF71B2AE55C007A08F3 /* AppDelegate.m in Sources */,
				4DD649691B3DA5A8006DF972 /* ButtomButton.m in Sources */,
				4DE8861E1B3B3ECF00D8D80D /* PlayerType.m in Sources */,
				4D2E7D301B35873F007A08F3 /* GridLines.m in Sources */,
				4D30A29C1B3EC741005AC530 /* Clock.m in Sources */,
				2930E85C1B635CC1002D22D6 /* Level.m in Sources */,
				4DE886221B3D64D400D8D80D /* FirstViewController.m in Sources */,
				4D2E7CF41B2AE55C007A08F3 /* main.m in Sources */,
				4D2E7D1F1B2AF888007A08F3 /* GameBoardUI.m in Sources */,
				29E3F9BD1B66B8BB00AC15EE /* LogoView.m in Sources */,
				4D2E7D241B2B1151007A08F3 /* Player.m in Sources */,
				4D2E7D191B2AF1FB007A08F3 /* GameCellUI.m in Sources */,
			);
			runOnlyForDeploymentPostprocessing = 0;
		};
		4D2E7D031B2AE55C007A08F3 /* Sources */ = {
			isa = PBXSourcesBuildPhase;
			buildActionMask = 2147483647;
			files = (
				4D2E7D0E1B2AE55C007A08F3 /* Tic_Tac_Toe_AITests.m in Sources */,
			);
			runOnlyForDeploymentPostprocessing = 0;
		};
/* End PBXSourcesBuildPhase section */

/* Begin PBXTargetDependency section */
		4D2E7D091B2AE55C007A08F3 /* PBXTargetDependency */ = {
			isa = PBXTargetDependency;
			target = 4D2E7CED1B2AE55C007A08F3 /* Tic-Tac-Toe AI */;
			targetProxy = 4D2E7D081B2AE55C007A08F3 /* PBXContainerItemProxy */;
		};
/* End PBXTargetDependency section */

/* Begin PBXVariantGroup section */
		4D2E7CFB1B2AE55C007A08F3 /* Main.storyboard */ = {
			isa = PBXVariantGroup;
			children = (
				4D2E7CFC1B2AE55C007A08F3 /* Base */,
			);
			name = Main.storyboard;
			sourceTree = "<group>";
		};
/* End PBXVariantGroup section */

/* Begin XCBuildConfiguration section */
		4D2E7D0F1B2AE55C007A08F3 /* Debug */ = {
			isa = XCBuildConfiguration;
			buildSettings = {
				ALWAYS_SEARCH_USER_PATHS = NO;
				CLANG_CXX_LANGUAGE_STANDARD = "gnu++0x";
				CLANG_CXX_LIBRARY = "libc++";
				CLANG_ENABLE_MODULES = YES;
				CLANG_ENABLE_OBJC_ARC = YES;
				CLANG_WARN_BOOL_CONVERSION = YES;
				CLANG_WARN_CONSTANT_CONVERSION = YES;
				CLANG_WARN_DIRECT_OBJC_ISA_USAGE = YES_ERROR;
				CLANG_WARN_EMPTY_BODY = YES;
				CLANG_WARN_ENUM_CONVERSION = YES;
				CLANG_WARN_INT_CONVERSION = YES;
				CLANG_WARN_OBJC_ROOT_CLASS = YES_ERROR;
				CLANG_WARN_UNREACHABLE_CODE = YES;
				CLANG_WARN__DUPLICATE_METHOD_MATCH = YES;
				"CODE_SIGN_IDENTITY[sdk=iphoneos*]" = "iPhone Developer";
				COPY_PHASE_STRIP = NO;
				DEBUG_INFORMATION_FORMAT = "dwarf-with-dsym";
				ENABLE_STRICT_OBJC_MSGSEND = YES;
				GCC_C_LANGUAGE_STANDARD = gnu99;
				GCC_DYNAMIC_NO_PIC = NO;
				GCC_NO_COMMON_BLOCKS = YES;
				GCC_OPTIMIZATION_LEVEL = 0;
				GCC_PREPROCESSOR_DEFINITIONS = (
					"DEBUG=1",
					"$(inherited)",
				);
				GCC_SYMBOLS_PRIVATE_EXTERN = NO;
				GCC_WARN_64_TO_32_BIT_CONVERSION = YES;
				GCC_WARN_ABOUT_RETURN_TYPE = YES_ERROR;
				GCC_WARN_UNDECLARED_SELECTOR = YES;
				GCC_WARN_UNINITIALIZED_AUTOS = YES_AGGRESSIVE;
				GCC_WARN_UNUSED_FUNCTION = YES;
				GCC_WARN_UNUSED_VARIABLE = YES;
				IPHONEOS_DEPLOYMENT_TARGET = 8.3;
				MTL_ENABLE_DEBUG_INFO = YES;
				ONLY_ACTIVE_ARCH = YES;
				SDKROOT = iphoneos;
			};
			name = Debug;
		};
		4D2E7D101B2AE55C007A08F3 /* Release */ = {
			isa = XCBuildConfiguration;
			buildSettings = {
				ALWAYS_SEARCH_USER_PATHS = NO;
				CLANG_CXX_LANGUAGE_STANDARD = "gnu++0x";
				CLANG_CXX_LIBRARY = "libc++";
				CLANG_ENABLE_MODULES = YES;
				CLANG_ENABLE_OBJC_ARC = YES;
				CLANG_WARN_BOOL_CONVERSION = YES;
				CLANG_WARN_CONSTANT_CONVERSION = YES;
				CLANG_WARN_DIRECT_OBJC_ISA_USAGE = YES_ERROR;
				CLANG_WARN_EMPTY_BODY = YES;
				CLANG_WARN_ENUM_CONVERSION = YES;
				CLANG_WARN_INT_CONVERSION = YES;
				CLANG_WARN_OBJC_ROOT_CLASS = YES_ERROR;
				CLANG_WARN_UNREACHABLE_CODE = YES;
				CLANG_WARN__DUPLICATE_METHOD_MATCH = YES;
				"CODE_SIGN_IDENTITY[sdk=iphoneos*]" = "iPhone Developer";
				COPY_PHASE_STRIP = NO;
				DEBUG_INFORMATION_FORMAT = "dwarf-with-dsym";
				ENABLE_NS_ASSERTIONS = NO;
				ENABLE_STRICT_OBJC_MSGSEND = YES;
				GCC_C_LANGUAGE_STANDARD = gnu99;
				GCC_NO_COMMON_BLOCKS = YES;
				GCC_WARN_64_TO_32_BIT_CONVERSION = YES;
				GCC_WARN_ABOUT_RETURN_TYPE = YES_ERROR;
				GCC_WARN_UNDECLARED_SELECTOR = YES;
				GCC_WARN_UNINITIALIZED_AUTOS = YES_AGGRESSIVE;
				GCC_WARN_UNUSED_FUNCTION = YES;
				GCC_WARN_UNUSED_VARIABLE = YES;
				IPHONEOS_DEPLOYMENT_TARGET = 8.3;
				MTL_ENABLE_DEBUG_INFO = NO;
				SDKROOT = iphoneos;
				VALIDATE_PRODUCT = YES;
			};
			name = Release;
		};
		4D2E7D121B2AE55C007A08F3 /* Debug */ = {
			isa = XCBuildConfiguration;
			buildSettings = {
				ASSETCATALOG_COMPILER_APPICON_NAME = AppIcon;
				ASSETCATALOG_COMPILER_LAUNCHIMAGE_NAME = LaunchImage;
				INFOPLIST_FILE = "Tic-Tac-Toe AI/Info.plist";
				IPHONEOS_DEPLOYMENT_TARGET = 8.4;
				LD_RUNPATH_SEARCH_PATHS = "$(inherited) @executable_path/Frameworks";
				PRODUCT_NAME = "$(TARGET_NAME)";
				TARGETED_DEVICE_FAMILY = "1,2";
			};
			name = Debug;
		};
		4D2E7D131B2AE55C007A08F3 /* Release */ = {
			isa = XCBuildConfiguration;
			buildSettings = {
				ASSETCATALOG_COMPILER_APPICON_NAME = AppIcon;
				ASSETCATALOG_COMPILER_LAUNCHIMAGE_NAME = LaunchImage;
				INFOPLIST_FILE = "Tic-Tac-Toe AI/Info.plist";
				IPHONEOS_DEPLOYMENT_TARGET = 8.4;
				LD_RUNPATH_SEARCH_PATHS = "$(inherited) @executable_path/Frameworks";
				PRODUCT_NAME = "$(TARGET_NAME)";
				TARGETED_DEVICE_FAMILY = "1,2";
			};
			name = Release;
		};
		4D2E7D151B2AE55C007A08F3 /* Debug */ = {
			isa = XCBuildConfiguration;
			buildSettings = {
				BUNDLE_LOADER = "$(TEST_HOST)";
				FRAMEWORK_SEARCH_PATHS = (
					"$(SDKROOT)/Developer/Library/Frameworks",
					"$(inherited)",
				);
				GCC_PREPROCESSOR_DEFINITIONS = (
					"DEBUG=1",
					"$(inherited)",
				);
				INFOPLIST_FILE = "Tic-Tac-Toe AITests/Info.plist";
				LD_RUNPATH_SEARCH_PATHS = "$(inherited) @executable_path/Frameworks @loader_path/Frameworks";
				PRODUCT_NAME = "$(TARGET_NAME)";
				TEST_HOST = "$(BUILT_PRODUCTS_DIR)/Tic-Tac-Toe AI.app/Tic-Tac-Toe AI";
			};
			name = Debug;
		};
		4D2E7D161B2AE55C007A08F3 /* Release */ = {
			isa = XCBuildConfiguration;
			buildSettings = {
				BUNDLE_LOADER = "$(TEST_HOST)";
				FRAMEWORK_SEARCH_PATHS = (
					"$(SDKROOT)/Developer/Library/Frameworks",
					"$(inherited)",
				);
				INFOPLIST_FILE = "Tic-Tac-Toe AITests/Info.plist";
				LD_RUNPATH_SEARCH_PATHS = "$(inherited) @executable_path/Frameworks @loader_path/Frameworks";
				PRODUCT_NAME = "$(TARGET_NAME)";
				TEST_HOST = "$(BUILT_PRODUCTS_DIR)/Tic-Tac-Toe AI.app/Tic-Tac-Toe AI";
			};
			name = Release;
		};
/* End XCBuildConfiguration section */

/* Begin XCConfigurationList section */
		4D2E7CE91B2AE55C007A08F3 /* Build configuration list for PBXProject "Tic-Tac-Toe AI" */ = {
			isa = XCConfigurationList;
			buildConfigurations = (
				4D2E7D0F1B2AE55C007A08F3 /* Debug */,
				4D2E7D101B2AE55C007A08F3 /* Release */,
			);
			defaultConfigurationIsVisible = 0;
			defaultConfigurationName = Release;
		};
		4D2E7D111B2AE55C007A08F3 /* Build configuration list for PBXNativeTarget "Tic-Tac-Toe AI" */ = {
			isa = XCConfigurationList;
			buildConfigurations = (
				4D2E7D121B2AE55C007A08F3 /* Debug */,
				4D2E7D131B2AE55C007A08F3 /* Release */,
			);
			defaultConfigurationIsVisible = 0;
			defaultConfigurationName = Release;
		};
		4D2E7D141B2AE55C007A08F3 /* Build configuration list for PBXNativeTarget "Tic-Tac-Toe AITests" */ = {
			isa = XCConfigurationList;
			buildConfigurations = (
				4D2E7D151B2AE55C007A08F3 /* Debug */,
				4D2E7D161B2AE55C007A08F3 /* Release */,
			);
			defaultConfigurationIsVisible = 0;
			defaultConfigurationName = Release;
		};
/* End XCConfigurationList section */
	};
	rootObject = 4D2E7CE61B2AE55C007A08F3 /* Project object */;
}
